// !$*UTF8*$!
{
	archiveVersion = 1;
	classes = {
	};
	objectVersion = 77;
	objects = {

/* Begin PBXBuildFile section */
		8CE8A1642CE38F9D00457673 /* NIO in Frameworks */ = {isa = PBXBuildFile; productRef = 8CE8A1632CE38F9D00457673 /* NIO */; };
/* End PBXBuildFile section */

/* Begin PBXContainerItemProxy section */
		8C297DEC2CAD41D000E1F324 /* PBXContainerItemProxy */ = {
			isa = PBXContainerItemProxy;
			containerPortal = 8C297DD32CAD41CF00E1F324 /* Project object */;
			proxyType = 1;
			remoteGlobalIDString = 8C297DDA2CAD41CF00E1F324;
			remoteInfo = sms;
		};
		8C297DF62CAD41D000E1F324 /* PBXContainerItemProxy */ = {
			isa = PBXContainerItemProxy;
			containerPortal = 8C297DD32CAD41CF00E1F324 /* Project object */;
			proxyType = 1;
			remoteGlobalIDString = 8C297DDA2CAD41CF00E1F324;
			remoteInfo = sms;
		};
/* End PBXContainerItemProxy section */

/* Begin PBXFileReference section */
		8C297DDB2CAD41CF00E1F324 /* scm.app */ = {isa = PBXFileReference; explicitFileType = wrapper.application; includeInIndex = 0; path = scm.app; sourceTree = BUILT_PRODUCTS_DIR; };
		8C297DEB2CAD41D000E1F324 /* scmTests.xctest */ = {isa = PBXFileReference; explicitFileType = wrapper.cfbundle; includeInIndex = 0; path = scmTests.xctest; sourceTree = BUILT_PRODUCTS_DIR; };
		8C297DF52CAD41D000E1F324 /* scmUITests.xctest */ = {isa = PBXFileReference; explicitFileType = wrapper.cfbundle; includeInIndex = 0; path = scmUITests.xctest; sourceTree = BUILT_PRODUCTS_DIR; };
/* End PBXFileReference section */

/* Begin PBXFileSystemSynchronizedBuildFileExceptionSet section */
		8C7D66322E24B62A005C55E5 /* Exceptions for "scm" folder in "scm" target */ = {
			isa = PBXFileSystemSynchronizedBuildFileExceptionSet;
			membershipExceptions = (
				Info.plist,
			);
			target = 8C297DDA2CAD41CF00E1F324 /* scm */;
		};
/* End PBXFileSystemSynchronizedBuildFileExceptionSet section */

/* Begin PBXFileSystemSynchronizedRootGroup section */
		8C297DDD2CAD41CF00E1F324 /* scm */ = {
			isa = PBXFileSystemSynchronizedRootGroup;
			exceptions = (
				8C7D66322E24B62A005C55E5 /* Exceptions for "scm" folder in "scm" target */,
			);
			path = scm;
			sourceTree = "<group>";
		};
		8C297DEE2CAD41D000E1F324 /* scmTests */ = {
			isa = PBXFileSystemSynchronizedRootGroup;
			path = scmTests;
			sourceTree = "<group>";
		};
		8C297DF82CAD41D000E1F324 /* scmUITests */ = {
			isa = PBXFileSystemSynchronizedRootGroup;
			path = scmUITests;
			sourceTree = "<group>";
		};
/* End PBXFileSystemSynchronizedRootGroup section */

/* Begin PBXFrameworksBuildPhase section */
		8C297DD82CAD41CF00E1F324 /* Frameworks */ = {
			isa = PBXFrameworksBuildPhase;
			buildActionMask = 2147483647;
			files = (
				8CE8A1642CE38F9D00457673 /* NIO in Frameworks */,
			);
			runOnlyForDeploymentPostprocessing = 0;
		};
		8C297DE82CAD41D000E1F324 /* Frameworks */ = {
			isa = PBXFrameworksBuildPhase;
			buildActionMask = 2147483647;
			files = (
			);
			runOnlyForDeploymentPostprocessing = 0;
		};
		8C297DF22CAD41D000E1F324 /* Frameworks */ = {
			isa = PBXFrameworksBuildPhase;
			buildActionMask = 2147483647;
			files = (
			);
			runOnlyForDeploymentPostprocessing = 0;
		};
/* End PBXFrameworksBuildPhase section */

/* Begin PBXGroup section */
		8C297DD22CAD41CF00E1F324 = {
			isa = PBXGroup;
			children = (
				8C297DDD2CAD41CF00E1F324 /* scm */,
				8C297DEE2CAD41D000E1F324 /* scmTests */,
				8C297DF82CAD41D000E1F324 /* scmUITests */,
				8C297DDC2CAD41CF00E1F324 /* Products */,
			);
			sourceTree = "<group>";
		};
		8C297DDC2CAD41CF00E1F324 /* Products */ = {
			isa = PBXGroup;
			children = (
				8C297DDB2CAD41CF00E1F324 /* scm.app */,
				8C297DEB2CAD41D000E1F324 /* scmTests.xctest */,
				8C297DF52CAD41D000E1F324 /* scmUITests.xctest */,
			);
			name = Products;
			sourceTree = "<group>";
		};
/* End PBXGroup section */

/* Begin PBXNativeTarget section */
		8C297DDA2CAD41CF00E1F324 /* scm */ = {
			isa = PBXNativeTarget;
			buildConfigurationList = 8C297DFF2CAD41D000E1F324 /* Build configuration list for PBXNativeTarget "scm" */;
			buildPhases = (
				8C297DD72CAD41CF00E1F324 /* Sources */,
				8C297DD82CAD41CF00E1F324 /* Frameworks */,
				8C297DD92CAD41CF00E1F324 /* Resources */,
			);
			buildRules = (
			);
			dependencies = (
			);
			fileSystemSynchronizedGroups = (
				8C297DDD2CAD41CF00E1F324 /* scm */,
			);
			name = scm;
			packageProductDependencies = (
				8CE8A1632CE38F9D00457673 /* NIO */,
			);
			productName = sms;
			productReference = 8C297DDB2CAD41CF00E1F324 /* scm.app */;
			productType = "com.apple.product-type.application";
		};
		8C297DEA2CAD41D000E1F324 /* scmTests */ = {
			isa = PBXNativeTarget;
			buildConfigurationList = 8C297E022CAD41D000E1F324 /* Build configuration list for PBXNativeTarget "scmTests" */;
			buildPhases = (
				8C297DE72CAD41D000E1F324 /* Sources */,
				8C297DE82CAD41D000E1F324 /* Frameworks */,
				8C297DE92CAD41D000E1F324 /* Resources */,
			);
			buildRules = (
			);
			dependencies = (
				8C297DED2CAD41D000E1F324 /* PBXTargetDependency */,
			);
			fileSystemSynchronizedGroups = (
				8C297DEE2CAD41D000E1F324 /* scmTests */,
			);
			name = scmTests;
			packageProductDependencies = (
			);
			productName = sscmests;
			productReference = 8C297DEB2CAD41D000E1F324 /* scmTests.xctest */;
			productType = "com.apple.product-type.bundle.unit-test";
		};
		8C297DF42CAD41D000E1F324 /* scmUITests */ = {
			isa = PBXNativeTarget;
			buildConfigurationList = 8C297E052CAD41D000E1F324 /* Build configuration list for PBXNativeTarget "scmUITests" */;
			buildPhases = (
				8C297DF12CAD41D000E1F324 /* Sources */,
				8C297DF22CAD41D000E1F324 /* Frameworks */,
				8C297DF32CAD41D000E1F324 /* Resources */,
			);
			buildRules = (
			);
			dependencies = (
				8C297DF72CAD41D000E1F324 /* PBXTargetDependency */,
			);
			fileSystemSynchronizedGroups = (
				8C297DF82CAD41D000E1F324 /* scmUITests */,
			);
			name = scmUITests;
			packageProductDependencies = (
			);
			productName = smsUITests;
			productReference = 8C297DF52CAD41D000E1F324 /* scmUITests.xctest */;
			productType = "com.apple.product-type.bundle.ui-testing";
		};
/* End PBXNativeTarget section */

/* Begin PBXProject section */
		8C297DD32CAD41CF00E1F324 /* Project object */ = {
			isa = PBXProject;
			attributes = {
				BuildIndependentTargetsInParallel = 1;
				LastSwiftUpdateCheck = 1600;
				LastUpgradeCheck = 1600;
				TargetAttributes = {
					8C297DDA2CAD41CF00E1F324 = {
						CreatedOnToolsVersion = 16.0;
					};
					8C297DEA2CAD41D000E1F324 = {
						CreatedOnToolsVersion = 16.0;
						TestTargetID = 8C297DDA2CAD41CF00E1F324;
					};
					8C297DF42CAD41D000E1F324 = {
						CreatedOnToolsVersion = 16.0;
						TestTargetID = 8C297DDA2CAD41CF00E1F324;
					};
				};
			};
			buildConfigurationList = 8C297DD62CAD41CF00E1F324 /* Build configuration list for PBXProject "scm" */;
			developmentRegion = en;
			hasScannedForEncodings = 0;
			knownRegions = (
				en,
				Base,
			);
			mainGroup = 8C297DD22CAD41CF00E1F324;
			minimizedProjectReferenceProxies = 1;
			packageReferences = (
				8CE8A1622CE38F9D00457673 /* XCRemoteSwiftPackageReference "swift-nio" */,
			);
			preferredProjectObjectVersion = 77;
			productRefGroup = 8C297DDC2CAD41CF00E1F324 /* Products */;
			projectDirPath = "";
			projectRoot = "";
			targets = (
				8C297DDA2CAD41CF00E1F324 /* scm */,
				8C297DEA2CAD41D000E1F324 /* scmTests */,
				8C297DF42CAD41D000E1F324 /* scmUITests */,
			);
		};
/* End PBXProject section */

/* Begin PBXResourcesBuildPhase section */
		8C297DD92CAD41CF00E1F324 /* Resources */ = {
			isa = PBXResourcesBuildPhase;
			buildActionMask = 2147483647;
			files = (
			);
			runOnlyForDeploymentPostprocessing = 0;
		};
		8C297DE92CAD41D000E1F324 /* Resources */ = {
			isa = PBXResourcesBuildPhase;
			buildActionMask = 2147483647;
			files = (
			);
			runOnlyForDeploymentPostprocessing = 0;
		};
		8C297DF32CAD41D000E1F324 /* Resources */ = {
			isa = PBXResourcesBuildPhase;
			buildActionMask = 2147483647;
			files = (
			);
			runOnlyForDeploymentPostprocessing = 0;
		};
/* End PBXResourcesBuildPhase section */

/* Begin PBXSourcesBuildPhase section */
		8C297DD72CAD41CF00E1F324 /* Sources */ = {
			isa = PBXSourcesBuildPhase;
			buildActionMask = 2147483647;
			files = (
			);
			runOnlyForDeploymentPostprocessing = 0;
		};
		8C297DE72CAD41D000E1F324 /* Sources */ = {
			isa = PBXSourcesBuildPhase;
			buildActionMask = 2147483647;
			files = (
			);
			runOnlyForDeploymentPostprocessing = 0;
		};
		8C297DF12CAD41D000E1F324 /* Sources */ = {
			isa = PBXSourcesBuildPhase;
			buildActionMask = 2147483647;
			files = (
			);
			runOnlyForDeploymentPostprocessing = 0;
		};
/* End PBXSourcesBuildPhase section */

/* Begin PBXTargetDependency section */
		8C297DED2CAD41D000E1F324 /* PBXTargetDependency */ = {
			isa = PBXTargetDependency;
			target = 8C297DDA2CAD41CF00E1F324 /* scm */;
			targetProxy = 8C297DEC2CAD41D000E1F324 /* PBXContainerItemProxy */;
		};
		8C297DF72CAD41D000E1F324 /* PBXTargetDependency */ = {
			isa = PBXTargetDependency;
			target = 8C297DDA2CAD41CF00E1F324 /* scm */;
			targetProxy = 8C297DF62CAD41D000E1F324 /* PBXContainerItemProxy */;
		};
/* End PBXTargetDependency section */

/* Begin XCBuildConfiguration section */
		8C297DFD2CAD41D000E1F324 /* Debug */ = {
			isa = XCBuildConfiguration;
			buildSettings = {
				ALWAYS_SEARCH_USER_PATHS = NO;
				ASSETCATALOG_COMPILER_GENERATE_SWIFT_ASSET_SYMBOL_EXTENSIONS = YES;
				CLANG_ANALYZER_NONNULL = YES;
				CLANG_ANALYZER_NUMBER_OBJECT_CONVERSION = YES_AGGRESSIVE;
				CLANG_CXX_LANGUAGE_STANDARD = "gnu++20";
				CLANG_ENABLE_MODULES = YES;
				CLANG_ENABLE_OBJC_ARC = YES;
				CLANG_ENABLE_OBJC_WEAK = YES;
				CLANG_WARN_BLOCK_CAPTURE_AUTORELEASING = YES;
				CLANG_WARN_BOOL_CONVERSION = YES;
				CLANG_WARN_COMMA = YES;
				CLANG_WARN_CONSTANT_CONVERSION = YES;
				CLANG_WARN_DEPRECATED_OBJC_IMPLEMENTATIONS = YES;
				CLANG_WARN_DIRECT_OBJC_ISA_USAGE = YES_ERROR;
				CLANG_WARN_DOCUMENTATION_COMMENTS = YES;
				CLANG_WARN_EMPTY_BODY = YES;
				CLANG_WARN_ENUM_CONVERSION = YES;
				CLANG_WARN_INFINITE_RECURSION = YES;
				CLANG_WARN_INT_CONVERSION = YES;
				CLANG_WARN_NON_LITERAL_NULL_CONVERSION = YES;
				CLANG_WARN_OBJC_IMPLICIT_RETAIN_SELF = YES;
				CLANG_WARN_OBJC_LITERAL_CONVERSION = YES;
				CLANG_WARN_OBJC_ROOT_CLASS = YES_ERROR;
				CLANG_WARN_QUOTED_INCLUDE_IN_FRAMEWORK_HEADER = YES;
				CLANG_WARN_RANGE_LOOP_ANALYSIS = YES;
				CLANG_WARN_STRICT_PROTOTYPES = YES;
				CLANG_WARN_SUSPICIOUS_MOVE = YES;
				CLANG_WARN_UNGUARDED_AVAILABILITY = YES_AGGRESSIVE;
				CLANG_WARN_UNREACHABLE_CODE = YES;
				CLANG_WARN__DUPLICATE_METHOD_MATCH = YES;
				COPY_PHASE_STRIP = NO;
				DEBUG_INFORMATION_FORMAT = dwarf;
				ENABLE_STRICT_OBJC_MSGSEND = YES;
				ENABLE_TESTABILITY = YES;
				ENABLE_USER_SCRIPT_SANDBOXING = YES;
				GCC_C_LANGUAGE_STANDARD = gnu17;
				GCC_DYNAMIC_NO_PIC = NO;
				GCC_NO_COMMON_BLOCKS = YES;
				GCC_OPTIMIZATION_LEVEL = 0;
				GCC_PREPROCESSOR_DEFINITIONS = (
					"DEBUG=1",
					"$(inherited)",
				);
				GCC_WARN_64_TO_32_BIT_CONVERSION = YES;
				GCC_WARN_ABOUT_RETURN_TYPE = YES_ERROR;
				GCC_WARN_UNDECLARED_SELECTOR = YES;
				GCC_WARN_UNINITIALIZED_AUTOS = YES_AGGRESSIVE;
				GCC_WARN_UNUSED_FUNCTION = YES;
				GCC_WARN_UNUSED_VARIABLE = YES;
				IPHONEOS_DEPLOYMENT_TARGET = 18.0;
				LOCALIZATION_PREFERS_STRING_CATALOGS = YES;
				MTL_ENABLE_DEBUG_INFO = INCLUDE_SOURCE;
				MTL_FAST_MATH = YES;
				ONLY_ACTIVE_ARCH = YES;
				SDKROOT = iphoneos;
				SWIFT_ACTIVE_COMPILATION_CONDITIONS = "DEBUG $(inherited)";
				SWIFT_OPTIMIZATION_LEVEL = "-Onone";
			};
			name = Debug;
		};
		8C297DFE2CAD41D000E1F324 /* Release */ = {
			isa = XCBuildConfiguration;
			buildSettings = {
				ALWAYS_SEARCH_USER_PATHS = NO;
				ASSETCATALOG_COMPILER_GENERATE_SWIFT_ASSET_SYMBOL_EXTENSIONS = YES;
				CLANG_ANALYZER_NONNULL = YES;
				CLANG_ANALYZER_NUMBER_OBJECT_CONVERSION = YES_AGGRESSIVE;
				CLANG_CXX_LANGUAGE_STANDARD = "gnu++20";
				CLANG_ENABLE_MODULES = YES;
				CLANG_ENABLE_OBJC_ARC = YES;
				CLANG_ENABLE_OBJC_WEAK = YES;
				CLANG_WARN_BLOCK_CAPTURE_AUTORELEASING = YES;
				CLANG_WARN_BOOL_CONVERSION = YES;
				CLANG_WARN_COMMA = YES;
				CLANG_WARN_CONSTANT_CONVERSION = YES;
				CLANG_WARN_DEPRECATED_OBJC_IMPLEMENTATIONS = YES;
				CLANG_WARN_DIRECT_OBJC_ISA_USAGE = YES_ERROR;
				CLANG_WARN_DOCUMENTATION_COMMENTS = YES;
				CLANG_WARN_EMPTY_BODY = YES;
				CLANG_WARN_ENUM_CONVERSION = YES;
				CLANG_WARN_INFINITE_RECURSION = YES;
				CLANG_WARN_INT_CONVERSION = YES;
				CLANG_WARN_NON_LITERAL_NULL_CONVERSION = YES;
				CLANG_WARN_OBJC_IMPLICIT_RETAIN_SELF = YES;
				CLANG_WARN_OBJC_LITERAL_CONVERSION = YES;
				CLANG_WARN_OBJC_ROOT_CLASS = YES_ERROR;
				CLANG_WARN_QUOTED_INCLUDE_IN_FRAMEWORK_HEADER = YES;
				CLANG_WARN_RANGE_LOOP_ANALYSIS = YES;
				CLANG_WARN_STRICT_PROTOTYPES = YES;
				CLANG_WARN_SUSPICIOUS_MOVE = YES;
				CLANG_WARN_UNGUARDED_AVAILABILITY = YES_AGGRESSIVE;
				CLANG_WARN_UNREACHABLE_CODE = YES;
				CLANG_WARN__DUPLICATE_METHOD_MATCH = YES;
				COPY_PHASE_STRIP = NO;
				DEBUG_INFORMATION_FORMAT = "dwarf-with-dsym";
				ENABLE_NS_ASSERTIONS = NO;
				ENABLE_STRICT_OBJC_MSGSEND = YES;
				ENABLE_USER_SCRIPT_SANDBOXING = YES;
				GCC_C_LANGUAGE_STANDARD = gnu17;
				GCC_NO_COMMON_BLOCKS = YES;
				GCC_WARN_64_TO_32_BIT_CONVERSION = YES;
				GCC_WARN_ABOUT_RETURN_TYPE = YES_ERROR;
				GCC_WARN_UNDECLARED_SELECTOR = YES;
				GCC_WARN_UNINITIALIZED_AUTOS = YES_AGGRESSIVE;
				GCC_WARN_UNUSED_FUNCTION = YES;
				GCC_WARN_UNUSED_VARIABLE = YES;
				IPHONEOS_DEPLOYMENT_TARGET = 18.0;
				LOCALIZATION_PREFERS_STRING_CATALOGS = YES;
				MTL_ENABLE_DEBUG_INFO = NO;
				MTL_FAST_MATH = YES;
				SDKROOT = iphoneos;
				SWIFT_COMPILATION_MODE = wholemodule;
				VALIDATE_PRODUCT = YES;
			};
			name = Release;
		};
		8C297E002CAD41D000E1F324 /* Debug */ = {
			isa = XCBuildConfiguration;
			buildSettings = {
				ASSETCATALOG_COMPILER_APPICON_NAME = AppIcon;
				ASSETCATALOG_COMPILER_GLOBAL_ACCENT_COLOR_NAME = AccentColor;
				CODE_SIGN_ENTITLEMENTS = scm/scm.entitlements;
				CODE_SIGN_IDENTITY = "Apple Development";
				CODE_SIGN_STYLE = Automatic;
				CURRENT_PROJECT_VERSION = 1;
				DEVELOPMENT_ASSET_PATHS = "";
				DEVELOPMENT_TEAM = 4784A2Z39F;
				ENABLE_PREVIEWS = YES;
				GENERATE_INFOPLIST_FILE = YES;
				INFOPLIST_FILE = ./scm/Info.plist;
				INFOPLIST_KEY_CFBundleDisplayName = SCM;
				INFOPLIST_KEY_LSApplicationCategoryType = "public.app-category.business";
				INFOPLIST_KEY_UIApplicationSceneManifest_Generation = YES;
				INFOPLIST_KEY_UIApplicationSupportsIndirectInputEvents = YES;
				INFOPLIST_KEY_UILaunchScreen_Generation = YES;
				INFOPLIST_KEY_UIStatusBarStyle = "";
				INFOPLIST_KEY_UISupportedInterfaceOrientations = UIInterfaceOrientationPortrait;
				IPHONEOS_DEPLOYMENT_TARGET = 17.6;
				LD_RUNPATH_SEARCH_PATHS = (
					"$(inherited)",
					"@executable_path/Frameworks",
				);
				MARKETING_VERSION = 1.0;
				PRODUCT_BUNDLE_IDENTIFIER = com.gidence.scm;
				PRODUCT_NAME = "$(TARGET_NAME)";
				PROVISIONING_PROFILE_SPECIFIER = "";
				SUPPORTED_PLATFORMS = "iphoneos iphonesimulator";
				SUPPORTS_MACCATALYST = NO;
				SUPPORTS_MAC_DESIGNED_FOR_IPHONE_IPAD = NO;
				SUPPORTS_XR_DESIGNED_FOR_IPHONE_IPAD = NO;
				SWIFT_EMIT_LOC_STRINGS = YES;
				SWIFT_VERSION = 5.0;
				TARGETED_DEVICE_FAMILY = 1;
			};
			name = Debug;
		};
		8C297E012CAD41D000E1F324 /* Release */ = {
			isa = XCBuildConfiguration;
			buildSettings = {
				ASSETCATALOG_COMPILER_APPICON_NAME = AppIcon;
				ASSETCATALOG_COMPILER_GLOBAL_ACCENT_COLOR_NAME = AccentColor;
				CODE_SIGN_ENTITLEMENTS = scm/scm.entitlements;
				CODE_SIGN_IDENTITY = "Apple Development";
				CODE_SIGN_STYLE = Automatic;
				CURRENT_PROJECT_VERSION = 1;
				DEVELOPMENT_ASSET_PATHS = "";
				DEVELOPMENT_TEAM = 4784A2Z39F;
				ENABLE_PREVIEWS = YES;
				GENERATE_INFOPLIST_FILE = YES;
				INFOPLIST_FILE = ./scm/Info.plist;
				INFOPLIST_KEY_CFBundleDisplayName = SCM;
				INFOPLIST_KEY_LSApplicationCategoryType = "public.app-category.business";
				INFOPLIST_KEY_UIApplicationSceneManifest_Generation = YES;
				INFOPLIST_KEY_UIApplicationSupportsIndirectInputEvents = YES;
				INFOPLIST_KEY_UILaunchScreen_Generation = YES;
				INFOPLIST_KEY_UIStatusBarStyle = "";
				INFOPLIST_KEY_UISupportedInterfaceOrientations = UIInterfaceOrientationPortrait;
				IPHONEOS_DEPLOYMENT_TARGET = 17.6;
				LD_RUNPATH_SEARCH_PATHS = (
					"$(inherited)",
					"@executable_path/Frameworks",
				);
				MARKETING_VERSION = 1.0;
				PRODUCT_BUNDLE_IDENTIFIER = com.gidence.scm;
				PRODUCT_NAME = "$(TARGET_NAME)";
				PROVISIONING_PROFILE_SPECIFIER = "";
				SUPPORTED_PLATFORMS = "iphoneos iphonesimulator";
				SUPPORTS_MACCATALYST = NO;
				SUPPORTS_MAC_DESIGNED_FOR_IPHONE_IPAD = NO;
				SUPPORTS_XR_DESIGNED_FOR_IPHONE_IPAD = NO;
				SWIFT_EMIT_LOC_STRINGS = YES;
				SWIFT_VERSION = 5.0;
				TARGETED_DEVICE_FAMILY = 1;
			};
			name = Release;
		};
		8C297E032CAD41D000E1F324 /* Debug */ = {
			isa = XCBuildConfiguration;
			buildSettings = {
				BUNDLE_LOADER = "$(TEST_HOST)";
				CODE_SIGN_STYLE = Automatic;
				CURRENT_PROJECT_VERSION = 1;
				DEVELOPMENT_TEAM = 4784A2Z39F;
				GENERATE_INFOPLIST_FILE = YES;
				IPHONEOS_DEPLOYMENT_TARGET = 18.0;
				MARKETING_VERSION = 1.0;
				PRODUCT_BUNDLE_IDENTIFIER = redian.sscmests;
				PRODUCT_NAME = "$(TARGET_NAME)";
				SWIFT_EMIT_LOC_STRINGS = NO;
				SWIFT_VERSION = 5.0;
				TARGETED_DEVICE_FAMILY = "1,2";
				TEST_HOST = "$(BUILT_PRODUCTS_DIR)/scm.app/$(BUNDLE_EXECUTABLE_FOLDER_PATH)/scm";
			};
			name = Debug;
		};
		8C297E042CAD41D000E1F324 /* Release */ = {
			isa = XCBuildConfiguration;
			buildSettings = {
				BUNDLE_LOADER = "$(TEST_HOST)";
				CODE_SIGN_STYLE = Automatic;
				CURRENT_PROJECT_VERSION = 1;
				DEVELOPMENT_TEAM = 4784A2Z39F;
				GENERATE_INFOPLIST_FILE = YES;
				IPHONEOS_DEPLOYMENT_TARGET = 18.0;
				MARKETING_VERSION = 1.0;
				PRODUCT_BUNDLE_IDENTIFIER = redian.sscmests;
				PRODUCT_NAME = "$(TARGET_NAME)";
				SWIFT_EMIT_LOC_STRINGS = NO;
				SWIFT_VERSION = 5.0;
				TARGETED_DEVICE_FAMILY = "1,2";
				TEST_HOST = "$(BUILT_PRODUCTS_DIR)/scm.app/$(BUNDLE_EXECUTABLE_FOLDER_PATH)/scm";
			};
			name = Release;
		};
		8C297E062CAD41D000E1F324 /* Debug */ = {
			isa = XCBuildConfiguration;
			buildSettings = {
				CODE_SIGN_STYLE = Automatic;
				CURRENT_PROJECT_VERSION = 1;
				DEVELOPMENT_TEAM = 4784A2Z39F;
				GENERATE_INFOPLIST_FILE = YES;
				MARKETING_VERSION = 1.0;
				PRODUCT_BUNDLE_IDENTIFIER = redian.smsUITests;
				PRODUCT_NAME = "$(TARGET_NAME)";
				SWIFT_EMIT_LOC_STRINGS = NO;
				SWIFT_VERSION = 5.0;
				TARGETED_DEVICE_FAMILY = "1,2";
				TEST_TARGET_NAME = sms;
			};
			name = Debug;
		};
		8C297E072CAD41D000E1F324 /* Release */ = {
			isa = XCBuildConfiguration;
			buildSettings = {
				CODE_SIGN_STYLE = Automatic;
				CURRENT_PROJECT_VERSION = 1;
				DEVELOPMENT_TEAM = 4784A2Z39F;
				GENERATE_INFOPLIST_FILE = YES;
				MARKETING_VERSION = 1.0;
				PRODUCT_BUNDLE_IDENTIFIER = redian.smsUITests;
				PRODUCT_NAME = "$(TARGET_NAME)";
				SWIFT_EMIT_LOC_STRINGS = NO;
				SWIFT_VERSION = 5.0;
				TARGETED_DEVICE_FAMILY = "1,2";
				TEST_TARGET_NAME = sms;
			};
			name = Release;
		};
/* End XCBuildConfiguration section */

/* Begin XCConfigurationList section */
		8C297DD62CAD41CF00E1F324 /* Build configuration list for PBXProject "scm" */ = {
			isa = XCConfigurationList;
			buildConfigurations = (
				8C297DFD2CAD41D000E1F324 /* Debug */,
				8C297DFE2CAD41D000E1F324 /* Release */,
			);
			defaultConfigurationIsVisible = 0;
			defaultConfigurationName = Release;
		};
		8C297DFF2CAD41D000E1F324 /* Build configuration list for PBXNativeTarget "scm" */ = {
			isa = XCConfigurationList;
			buildConfigurations = (
				8C297E002CAD41D000E1F324 /* Debug */,
				8C297E012CAD41D000E1F324 /* Release */,
			);
			defaultConfigurationIsVisible = 0;
			defaultConfigurationName = Release;
		};
		8C297E022CAD41D000E1F324 /* Build configuration list for PBXNativeTarget "scmTests" */ = {
			isa = XCConfigurationList;
			buildConfigurations = (
				8C297E032CAD41D000E1F324 /* Debug */,
				8C297E042CAD41D000E1F324 /* Release */,
			);
			defaultConfigurationIsVisible = 0;
			defaultConfigurationName = Release;
		};
		8C297E052CAD41D000E1F324 /* Build configuration list for PBXNativeTarget "scmUITests" */ = {
			isa = XCConfigurationList;
			buildConfigurations = (
				8C297E062CAD41D000E1F324 /* Debug */,
				8C297E072CAD41D000E1F324 /* Release */,
			);
			defaultConfigurationIsVisible = 0;
			defaultConfigurationName = Release;
		};
/* End XCConfigurationList section */

/* Begin XCRemoteSwiftPackageReference section */
		8CE8A1622CE38F9D00457673 /* XCRemoteSwiftPackageReference "swift-nio" */ = {
			isa = XCRemoteSwiftPackageReference;
			repositoryURL = "https://github.com/apple/swift-nio.git";
			requirement = {
				kind = upToNextMajorVersion;
				minimumVersion = 2.76.1;
			};
		};
/* End XCRemoteSwiftPackageReference section */

/* Begin XCSwiftPackageProductDependency section */
		8CE8A1632CE38F9D00457673 /* NIO */ = {
			isa = XCSwiftPackageProductDependency;
			package = 8CE8A1622CE38F9D00457673 /* XCRemoteSwiftPackageReference "swift-nio" */;
			productName = NIO;
		};
/* End XCSwiftPackageProductDependency section */
	};
	rootObject = 8C297DD32CAD41CF00E1F324 /* Project object */;
}
